
Microsoft Visual Studio Solution File, Format Version 12.00
# Visual Studio Version 17
VisualStudioVersion = 17.7.34031.279
MinimumVisualStudioVersion = 10.0.40219.1
Project("{FAE04EC0-301F-11D3-BF4B-00C04F79EFBC}") = "Ariketa2Array", "Ariketa2Array\Ariketa2Array.csproj", "{59E4A31A-FCF9-4EAE-ACE5-8061FE555F6E}"
EndProject
Global
	GlobalSection(SolutionConfigurationPlatforms) = preSolution
		Debug|Any CPU = Debug|Any CPU
		Release|Any CPU = Release|Any CPU
	EndGlobalSection
	GlobalSection(ProjectConfigurationPlatforms) = postSolution
		{59E4A31A-FCF9-4EAE-ACE5-8061FE555F6E}.Debug|Any CPU.ActiveCfg = Debug|Any CPU
		{59E4A31A-FCF9-4EAE-ACE5-8061FE555F6E}.Debug|Any CPU.Build.0 = Debug|Any CPU
		{59E4A31A-FCF9-4EAE-ACE5-8061FE555F6E}.Release|Any CPU.ActiveCfg = Release|Any CPU
		{59E4A31A-FCF9-4EAE-ACE5-8061FE555F6E}.Release|Any CPU.Build.0 = Release|Any CPU
	EndGlobalSection
	GlobalSection(SolutionProperties) = preSolution
		HideSolutionNode = FALSE
	EndGlobalSection
	GlobalSection(ExtensibilityGlobals) = postSolution
		SolutionGuid = {94ED902E-B464-48EB-887B-48A659869FFA}
	EndGlobalSection
EndGlobal
